scene_id: scene-practice-unlock
title: 練習關解鎖
dialogue_blocks:
  - speaker: Byte
    text: 做得好，你已經理解基礎輸入輸出的結構了。
    portrait_id: byte-default
    expression: happy
    emphasis: success
  - speaker: Byte
    text: 接下來要用 Python 完成一整組修復任務。
    portrait_id: byte-default
    expression: explain
    emphasis: normal
  - speaker: Byte
    text: 記住，必要時可以打開工具包，但那會降低能量獎勵。
    portrait_id: byte-default
    expression: alert
    emphasis: alert
next_action: goto_practice_basic_io
